// !$*UTF8*$!
{
	archiveVersion = 1;
	classes = {
	};
	objectVersion = 50;
	objects = {

/* Begin PBXBuildFile section */
		040FFD2228B265E80081496A /* AppDelegate.swift in Sources */ = {isa = PBXBuildFile; fileRef = 040FFD2128B265E80081496A /* AppDelegate.swift */; };
		040FFD2428B265E80081496A /* ViewController.swift in Sources */ = {isa = PBXBuildFile; fileRef = 040FFD2328B265E80081496A /* ViewController.swift */; };
		040FFD2728B265E80081496A /* Main.storyboard in Resources */ = {isa = PBXBuildFile; fileRef = 040FFD2528B265E80081496A /* Main.storyboard */; };
		040FFD2928B265EA0081496A /* Assets.xcassets in Resources */ = {isa = PBXBuildFile; fileRef = 040FFD2828B265EA0081496A /* Assets.xcassets */; };
		040FFD2C28B265EA0081496A /* LaunchScreen.storyboard in Resources */ = {isa = PBXBuildFile; fileRef = 040FFD2A28B265EA0081496A /* LaunchScreen.storyboard */; };
		040FFD3728B265EA0081496A /* PreworkTests.swift in Sources */ = {isa = PBXBuildFile; fileRef = 040FFD3628B265EA0081496A /* PreworkTests.swift */; };
		040FFD4228B265EA0081496A /* PreworkUITests.swift in Sources */ = {isa = PBXBuildFile; fileRef = 040FFD4128B265EA0081496A /* PreworkUITests.swift */; };
		04DC558F28B434E9003B79A3 /* README.md in Resources */ = {isa = PBXBuildFile; fileRef = 04DC558E28B434E9003B79A3 /* README.md */; };
/* End PBXBuildFile section */

/* Begin PBXContainerItemProxy section */
		040FFD3328B265EA0081496A /* PBXContainerItemProxy */ = {
			isa = PBXContainerItemProxy;
			containerPortal = 040FFD1628B265E80081496A /* Project object */;
			proxyType = 1;
			remoteGlobalIDString = 040FFD1D28B265E80081496A;
			remoteInfo = Prework;
		};
		040FFD3E28B265EA0081496A /* PBXContainerItemProxy */ = {
			isa = PBXContainerItemProxy;
			containerPortal = 040FFD1628B265E80081496A /* Project object */;
			proxyType = 1;
			remoteGlobalIDString = 040FFD1D28B265E80081496A;
			remoteInfo = Prework;
		};
/* End PBXContainerItemProxy section */

/* Begin PBXFileReference section */
		040FFD1E28B265E80081496A /* Prework.app */ = {isa = PBXFileReference; explicitFileType = wrapper.application; includeInIndex = 0; path = Prework.app; sourceTree = BUILT_PRODUCTS_DIR; };
		040FFD2128B265E80081496A /* AppDelegate.swift */ = {isa = PBXFileReference; lastKnownFileType = sourcecode.swift; path = AppDelegate.swift; sourceTree = "<group>"; };
		040FFD2328B265E80081496A /* ViewController.swift */ = {isa = PBXFileReference; lastKnownFileType = sourcecode.swift; path = ViewController.swift; sourceTree = "<group>"; };
		040FFD2628B265E80081496A /* Base */ = {isa = PBXFileReference; lastKnownFileType = file.storyboard; name = Base; path = Base.lproj/Main.storyboard; sourceTree = "<group>"; };
		040FFD2828B265EA0081496A /* Assets.xcassets */ = {isa = PBXFileReference; lastKnownFileType = folder.assetcatalog; path = Assets.xcassets; sourceTree = "<group>"; };
		040FFD2B28B265EA0081496A /* Base */ = {isa = PBXFileReference; lastKnownFileType = file.storyboard; name = Base; path = Base.lproj/LaunchScreen.storyboard; sourceTree = "<group>"; };
		040FFD2D28B265EA0081496A /* Info.plist */ = {isa = PBXFileReference; lastKnownFileType = text.plist.xml; path = Info.plist; sourceTree = "<group>"; };
		040FFD3228B265EA0081496A /* PreworkTests.xctest */ = {isa = PBXFileReference; explicitFileType = wrapper.cfbundle; includeInIndex = 0; path = PreworkTests.xctest; sourceTree = BUILT_PRODUCTS_DIR; };
		040FFD3628B265EA0081496A /* PreworkTests.swift */ = {isa = PBXFileReference; lastKnownFileType = sourcecode.swift; path = PreworkTests.swift; sourceTree = "<group>"; };
		040FFD3828B265EA0081496A /* Info.plist */ = {isa = PBXFileReference; lastKnownFileType = text.plist.xml; path = Info.plist; sourceTree = "<group>"; };
		040FFD3D28B265EA0081496A /* PreworkUITests.xctest */ = {isa = PBXFileReference; explicitFileType = wrapper.cfbundle; includeInIndex = 0; path = PreworkUITests.xctest; sourceTree = BUILT_PRODUCTS_DIR; };
		040FFD4128B265EA0081496A /* PreworkUITests.swift */ = {isa = PBXFileReference; lastKnownFileType = sourcecode.swift; path = PreworkUITests.swift; sourceTree = "<group>"; };
		040FFD4328B265EA0081496A /* Info.plist */ = {isa = PBXFileReference; lastKnownFileType = text.plist.xml; path = Info.plist; sourceTree = "<group>"; };
		04DC558E28B434E9003B79A3 /* README.md */ = {isa = PBXFileReference; lastKnownFileType = net.daringfireball.markdown; path = README.md; sourceTree = "<group>"; };
/* End PBXFileReference section */

/* Begin PBXFrameworksBuildPhase section */
		040FFD1B28B265E80081496A /* Frameworks */ = {
			isa = PBXFrameworksBuildPhase;
			buildActionMask = 2147483647;
			files = (
			);
			runOnlyForDeploymentPostprocessing = 0;
		};
		040FFD2F28B265EA0081496A /* Frameworks */ = {
			isa = PBXFrameworksBuildPhase;
			buildActionMask = 2147483647;
			files = (
			);
			runOnlyForDeploymentPostprocessing = 0;
		};
		040FFD3A28B265EA0081496A /* Frameworks */ = {
			isa = PBXFrameworksBuildPhase;
			buildActionMask = 2147483647;
			files = (
			);
			runOnlyForDeploymentPostprocessing = 0;
		};
/* End PBXFrameworksBuildPhase section */

/* Begin PBXGroup section */
		040FFD1528B265E80081496A = {
			isa = PBXGroup;
			children = (
				04DC558E28B434E9003B79A3 /* README.md */,
				040FFD2028B265E80081496A /* Prework */,
				040FFD3528B265EA0081496A /* PreworkTests */,
				040FFD4028B265EA0081496A /* PreworkUITests */,
				040FFD1F28B265E80081496A /* Products */,
			);
			sourceTree = "<group>";
		};
		040FFD1F28B265E80081496A /* Products */ = {
			isa = PBXGroup;
			children = (
				040FFD1E28B265E80081496A /* Prework.app */,
				040FFD3228B265EA0081496A /* PreworkTests.xctest */,
				040FFD3D28B265EA0081496A /* PreworkUITests.xctest */,
			);
			name = Products;
			sourceTree = "<group>";
		};
		040FFD2028B265E80081496A /* Prework */ = {
			isa = PBXGroup;
			children = (
				040FFD2128B265E80081496A /* AppDelegate.swift */,
				040FFD2328B265E80081496A /* ViewController.swift */,
				040FFD2528B265E80081496A /* Main.storyboard */,
				040FFD2828B265EA0081496A /* Assets.xcassets */,
				040FFD2A28B265EA0081496A /* LaunchScreen.storyboard */,
				040FFD2D28B265EA0081496A /* Info.plist */,
			);
			path = Prework;
			sourceTree = "<group>";
		};
		040FFD3528B265EA0081496A /* PreworkTests */ = {
			isa = PBXGroup;
			children = (
				040FFD3628B265EA0081496A /* PreworkTests.swift */,
				040FFD3828B265EA0081496A /* Info.plist */,
			);
			path = PreworkTests;
			sourceTree = "<group>";
		};
		040FFD4028B265EA0081496A /* PreworkUITests */ = {
			isa = PBXGroup;
			children = (
				040FFD4128B265EA0081496A /* PreworkUITests.swift */,
				040FFD4328B265EA0081496A /* Info.plist */,
			);
			path = PreworkUITests;
			sourceTree = "<group>";
		};
/* End PBXGroup section */

/* Begin PBXNativeTarget section */
		040FFD1D28B265E80081496A /* Prework */ = {
			isa = PBXNativeTarget;
			buildConfigurationList = 040FFD4628B265EA0081496A /* Build configuration list for PBXNativeTarget "Prework" */;
			buildPhases = (
				040FFD1A28B265E80081496A /* Sources */,
				040FFD1B28B265E80081496A /* Frameworks */,
				040FFD1C28B265E80081496A /* Resources */,
			);
			buildRules = (
			);
			dependencies = (
			);
			name = Prework;
			productName = Prework;
			productReference = 040FFD1E28B265E80081496A /* Prework.app */;
			productType = "com.apple.product-type.application";
		};
		040FFD3128B265EA0081496A /* PreworkTests */ = {
			isa = PBXNativeTarget;
			buildConfigurationList = 040FFD4928B265EA0081496A /* Build configuration list for PBXNativeTarget "PreworkTests" */;
			buildPhases = (
				040FFD2E28B265EA0081496A /* Sources */,
				040FFD2F28B265EA0081496A /* Frameworks */,
				040FFD3028B265EA0081496A /* Resources */,
			);
			buildRules = (
			);
			dependencies = (
				040FFD3428B265EA0081496A /* PBXTargetDependency */,
			);
			name = PreworkTests;
			productName = PreworkTests;
			productReference = 040FFD3228B265EA0081496A /* PreworkTests.xctest */;
			productType = "com.apple.product-type.bundle.unit-test";
		};
		040FFD3C28B265EA0081496A /* PreworkUITests */ = {
			isa = PBXNativeTarget;
			buildConfigurationList = 040FFD4C28B265EA0081496A /* Build configuration list for PBXNativeTarget "PreworkUITests" */;
			buildPhases = (
				040FFD3928B265EA0081496A /* Sources */,
				040FFD3A28B265EA0081496A /* Frameworks */,
				040FFD3B28B265EA0081496A /* Resources */,
			);
			buildRules = (
			);
			dependencies = (
				040FFD3F28B265EA0081496A /* PBXTargetDependency */,
			);
			name = PreworkUITests;
			productName = PreworkUITests;
			productReference = 040FFD3D28B265EA0081496A /* PreworkUITests.xctest */;
			productType = "com.apple.product-type.bundle.ui-testing";
		};
/* End PBXNativeTarget section */

/* Begin PBXProject section */
		040FFD1628B265E80081496A /* Project object */ = {
			isa = PBXProject;
			attributes = {
				LastSwiftUpdateCheck = 1010;
				LastUpgradeCheck = 1010;
				ORGANIZATIONNAME = Johana;
				TargetAttributes = {
					040FFD1D28B265E80081496A = {
						CreatedOnToolsVersion = 10.1;
					};
					040FFD3128B265EA0081496A = {
						CreatedOnToolsVersion = 10.1;
						TestTargetID = 040FFD1D28B265E80081496A;
					};
					040FFD3C28B265EA0081496A = {
						CreatedOnToolsVersion = 10.1;
						TestTargetID = 040FFD1D28B265E80081496A;
					};
				};
			};
			buildConfigurationList = 040FFD1928B265E80081496A /* Build configuration list for PBXProject "Prework" */;
			compatibilityVersion = "Xcode 9.3";
			developmentRegion = en;
			hasScannedForEncodings = 0;
			knownRegions = (
				en,
				Base,
			);
			mainGroup = 040FFD1528B265E80081496A;
			productRefGroup = 040FFD1F28B265E80081496A /* Products */;
			projectDirPath = "";
			projectRoot = "";
			targets = (
				040FFD1D28B265E80081496A /* Prework */,
				040FFD3128B265EA0081496A /* PreworkTests */,
				040FFD3C28B265EA0081496A /* PreworkUITests */,
			);
		};
/* End PBXProject section */

/* Begin PBXResourcesBuildPhase section */
		040FFD1C28B265E80081496A /* Resources */ = {
			isa = PBXResourcesBuildPhase;
			buildActionMask = 2147483647;
			files = (
				040FFD2C28B265EA0081496A /* LaunchScreen.storyboard in Resources */,
				040FFD2928B265EA0081496A /* Assets.xcassets in Resources */,
				04DC558F28B434E9003B79A3 /* README.md in Resources */,
				040FFD2728B265E80081496A /* Main.storyboard in Resources */,
			);
			runOnlyForDeploymentPostprocessing = 0;
		};
		040FFD3028B265EA0081496A /* Resources */ = {
			isa = PBXResourcesBuildPhase;
			buildActionMask = 2147483647;
			files = (
			);
			runOnlyForDeploymentPostprocessing = 0;
		};
		040FFD3B28B265EA0081496A /* Resources */ = {
			isa = PBXResourcesBuildPhase;
			buildActionMask = 2147483647;
			files = (
			);
			runOnlyForDeploymentPostprocessing = 0;
		};
/* End PBXResourcesBuildPhase section */

/* Begin PBXSourcesBuildPhase section */
		040FFD1A28B265E80081496A /* Sources */ = {
			isa = PBXSourcesBuildPhase;
			buildActionMask = 2147483647;
			files = (
				040FFD2428B265E80081496A /* ViewController.swift in Sources */,
				040FFD2228B265E80081496A /* AppDelegate.swift in Sources */,
			);
			runOnlyForDeploymentPostprocessing = 0;
		};
		040FFD2E28B265EA0081496A /* Sources */ = {
			isa = PBXSourcesBuildPhase;
			buildActionMask = 2147483647;
			files = (
				040FFD3728B265EA0081496A /* PreworkTests.swift in Sources */,
			);
			runOnlyForDeploymentPostprocessing = 0;
		};
		040FFD3928B265EA0081496A /* Sources */ = {
			isa = PBXSourcesBuildPhase;
			buildActionMask = 2147483647;
			files = (
				040FFD4228B265EA0081496A /* PreworkUITests.swift in Sources */,
			);
			runOnlyForDeploymentPostprocessing = 0;
		};
/* End PBXSourcesBuildPhase section */

/* Begin PBXTargetDependency section */
		040FFD3428B265EA0081496A /* PBXTargetDependency */ = {
			isa = PBXTargetDependency;
			target = 040FFD1D28B265E80081496A /* Prework */;
			targetProxy = 040FFD3328B265EA0081496A /* PBXContainerItemProxy */;
		};
		040FFD3F28B265EA0081496A /* PBXTargetDependency */ = {
			isa = PBXTargetDependency;
			target = 040FFD1D28B265E80081496A /* Prework */;
			targetProxy = 040FFD3E28B265EA0081496A /* PBXContainerItemProxy */;
		};
/* End PBXTargetDependency section */

/* Begin PBXVariantGroup section */
		040FFD2528B265E80081496A /* Main.storyboard */ = {
			isa = PBXVariantGroup;
			children = (
				040FFD2628B265E80081496A /* Base */,
			);
			name = Main.storyboard;
			sourceTree = "<group>";
		};
		040FFD2A28B265EA0081496A /* LaunchScreen.storyboard */ = {
			isa = PBXVariantGroup;
			children = (
				040FFD2B28B265EA0081496A /* Base */,
			);
			name = LaunchScreen.storyboard;
			sourceTree = "<group>";
		};
/* End PBXVariantGroup section */

/* Begin XCBuildConfiguration section */
		040FFD4428B265EA0081496A /* Debug */ = {
			isa = XCBuildConfiguration;
			buildSettings = {
				ALWAYS_SEARCH_USER_PATHS = NO;
				CLANG_ANALYZER_NONNULL = YES;
				CLANG_ANALYZER_NUMBER_OBJECT_CONVERSION = YES_AGGRESSIVE;
				CLANG_CXX_LANGUAGE_STANDARD = "gnu++14";
				CLANG_CXX_LIBRARY = "libc++";
				CLANG_ENABLE_MODULES = YES;
				CLANG_ENABLE_OBJC_ARC = YES;
				CLANG_ENABLE_OBJC_WEAK = YES;
				CLANG_WARN_BLOCK_CAPTURE_AUTORELEASING = YES;
				CLANG_WARN_BOOL_CONVERSION = YES;
				CLANG_WARN_COMMA = YES;
				CLANG_WARN_CONSTANT_CONVERSION = YES;
				CLANG_WARN_DEPRECATED_OBJC_IMPLEMENTATIONS = YES;
				CLANG_WARN_DIRECT_OBJC_ISA_USAGE = YES_ERROR;
				CLANG_WARN_DOCUMENTATION_COMMENTS = YES;
				CLANG_WARN_EMPTY_BODY = YES;
				CLANG_WARN_ENUM_CONVERSION = YES;
				CLANG_WARN_INFINITE_RECURSION = YES;
				CLANG_WARN_INT_CONVERSION = YES;
				CLANG_WARN_NON_LITERAL_NULL_CONVERSION = YES;
				CLANG_WARN_OBJC_IMPLICIT_RETAIN_SELF = YES;
				CLANG_WARN_OBJC_LITERAL_CONVERSION = YES;
				CLANG_WARN_OBJC_ROOT_CLASS = YES_ERROR;
				CLANG_WARN_RANGE_LOOP_ANALYSIS = YES;
				CLANG_WARN_STRICT_PROTOTYPES = YES;
				CLANG_WARN_SUSPICIOUS_MOVE = YES;
				CLANG_WARN_UNGUARDED_AVAILABILITY = YES_AGGRESSIVE;
				CLANG_WARN_UNREACHABLE_CODE = YES;
				CLANG_WARN__DUPLICATE_METHOD_MATCH = YES;
				CODE_SIGN_IDENTITY = "iPhone Developer";
				COPY_PHASE_STRIP = NO;
				DEBUG_INFORMATION_FORMAT = dwarf;
				ENABLE_STRICT_OBJC_MSGSEND = YES;
				ENABLE_TESTABILITY = YES;
				GCC_C_LANGUAGE_STANDARD = gnu11;
				GCC_DYNAMIC_NO_PIC = NO;
				GCC_NO_COMMON_BLOCKS = YES;
				GCC_OPTIMIZATION_LEVEL = 0;
				GCC_PREPROCESSOR_DEFINITIONS = (
					"DEBUG=1",
					"$(inherited)",
				);
				GCC_WARN_64_TO_32_BIT_CONVERSION = YES;
				GCC_WARN_ABOUT_RETURN_TYPE = YES_ERROR;
				GCC_WARN_UNDECLARED_SELECTOR = YES;
				GCC_WARN_UNINITIALIZED_AUTOS = YES_AGGRESSIVE;
				GCC_WARN_UNUSED_FUNCTION = YES;
				GCC_WARN_UNUSED_VARIABLE = YES;
				IPHONEOS_DEPLOYMENT_TARGET = 12.1;
				MTL_ENABLE_DEBUG_INFO = INCLUDE_SOURCE;
				MTL_FAST_MATH = YES;
				ONLY_ACTIVE_ARCH = YES;
				SDKROOT = iphoneos;
				SWIFT_ACTIVE_COMPILATION_CONDITIONS = DEBUG;
				SWIFT_OPTIMIZATION_LEVEL = "-Onone";
			};
			name = Debug;
		};
		040FFD4528B265EA0081496A /* Release */ = {
			isa = XCBuildConfiguration;
			buildSettings = {
				ALWAYS_SEARCH_USER_PATHS = NO;
				CLANG_ANALYZER_NONNULL = YES;
				CLANG_ANALYZER_NUMBER_OBJECT_CONVERSION = YES_AGGRESSIVE;
				CLANG_CXX_LANGUAGE_STANDARD = "gnu++14";
				CLANG_CXX_LIBRARY = "libc++";
				CLANG_ENABLE_MODULES = YES;
				CLANG_ENABLE_OBJC_ARC = YES;
				CLANG_ENABLE_OBJC_WEAK = YES;
				CLANG_WARN_BLOCK_CAPTURE_AUTORELEASING = YES;
				CLANG_WARN_BOOL_CONVERSION = YES;
				CLANG_WARN_COMMA = YES;
				CLANG_WARN_CONSTANT_CONVERSION = YES;
				CLANG_WARN_DEPRECATED_OBJC_IMPLEMENTATIONS = YES;
				CLANG_WARN_DIRECT_OBJC_ISA_USAGE = YES_ERROR;
				CLANG_WARN_DOCUMENTATION_COMMENTS = YES;
				CLANG_WARN_EMPTY_BODY = YES;
				CLANG_WARN_ENUM_CONVERSION = YES;
				CLANG_WARN_INFINITE_RECURSION = YES;
				CLANG_WARN_INT_CONVERSION = YES;
				CLANG_WARN_NON_LITERAL_NULL_CONVERSION = YES;
				CLANG_WARN_OBJC_IMPLICIT_RETAIN_SELF = YES;
				CLANG_WARN_OBJC_LITERAL_CONVERSION = YES;
				CLANG_WARN_OBJC_ROOT_CLASS = YES_ERROR;
				CLANG_WARN_RANGE_LOOP_ANALYSIS = YES;
				CLANG_WARN_STRICT_PROTOTYPES = YES;
				CLANG_WARN_SUSPICIOUS_MOVE = YES;
				CLANG_WARN_UNGUARDED_AVAILABILITY = YES_AGGRESSIVE;
				CLANG_WARN_UNREACHABLE_CODE = YES;
				CLANG_WARN__DUPLICATE_METHOD_MATCH = YES;
				CODE_SIGN_IDENTITY = "iPhone Developer";
				COPY_PHASE_STRIP = NO;
				DEBUG_INFORMATION_FORMAT = "dwarf-with-dsym";
				ENABLE_NS_ASSERTIONS = NO;
				ENABLE_STRICT_OBJC_MSGSEND = YES;
				GCC_C_LANGUAGE_STANDARD = gnu11;
				GCC_NO_COMMON_BLOCKS = YES;
				GCC_WARN_64_TO_32_BIT_CONVERSION = YES;
				GCC_WARN_ABOUT_RETURN_TYPE = YES_ERROR;
				GCC_WARN_UNDECLARED_SELECTOR = YES;
				GCC_WARN_UNINITIALIZED_AUTOS = YES_AGGRESSIVE;
				GCC_WARN_UNUSED_FUNCTION = YES;
				GCC_WARN_UNUSED_VARIABLE = YES;
				IPHONEOS_DEPLOYMENT_TARGET = 12.1;
				MTL_ENABLE_DEBUG_INFO = NO;
				MTL_FAST_MATH = YES;
				SDKROOT = iphoneos;
				SWIFT_COMPILATION_MODE = wholemodule;
				SWIFT_OPTIMIZATION_LEVEL = "-O";
				VALIDATE_PRODUCT = YES;
			};
			name = Release;
		};
		040FFD4728B265EA0081496A /* Debug */ = {
			isa = XCBuildConfiguration;
			buildSettings = {
				ASSETCATALOG_COMPILER_APPICON_NAME = AppIcon;
				CODE_SIGN_STYLE = Automatic;
				INFOPLIST_FILE = Prework/Info.plist;
				LD_RUNPATH_SEARCH_PATHS = (
					"$(inherited)",
					"@executable_path/Frameworks",
				);
				PRODUCT_BUNDLE_IDENTIFIER = Johana.Prework;
				PRODUCT_NAME = "$(TARGET_NAME)";
				SWIFT_VERSION = 4.2;
				TARGETED_DEVICE_FAMILY = "1,2";
			};
			name = Debug;
		};
		040FFD4828B265EA0081496A /* Release */ = {
			isa = XCBuildConfiguration;
			buildSettings = {
				ASSETCATALOG_COMPILER_APPICON_NAME = AppIcon;
				CODE_SIGN_STYLE = Automatic;
				INFOPLIST_FILE = Prework/Info.plist;
				LD_RUNPATH_SEARCH_PATHS = (
					"$(inherited)",
					"@executable_path/Frameworks",
				);
				PRODUCT_BUNDLE_IDENTIFIER = Johana.Prework;
				PRODUCT_NAME = "$(TARGET_NAME)";
				SWIFT_VERSION = 4.2;
				TARGETED_DEVICE_FAMILY = "1,2";
			};
			name = Release;
		};
		040FFD4A28B265EA0081496A /* Debug */ = {
			isa = XCBuildConfiguration;
			buildSettings = {
				ALWAYS_EMBED_SWIFT_STANDARD_LIBRARIES = YES;
				BUNDLE_LOADER = "$(TEST_HOST)";
				CODE_SIGN_STYLE = Automatic;
				INFOPLIST_FILE = PreworkTests/Info.plist;
				LD_RUNPATH_SEARCH_PATHS = (
					"$(inherited)",
					"@executable_path/Frameworks",
					"@loader_path/Frameworks",
				);
				PRODUCT_BUNDLE_IDENTIFIER = Johana.PreworkTests;
				PRODUCT_NAME = "$(TARGET_NAME)";
				SWIFT_VERSION = 4.2;
				TARGETED_DEVICE_FAMILY = "1,2";
				TEST_HOST = "$(BUILT_PRODUCTS_DIR)/Prework.app/Prework";
			};
			name = Debug;
		};
		040FFD4B28B265EA0081496A /* Release */ = {
			isa = XCBuildConfiguration;
			buildSettings = {
				ALWAYS_EMBED_SWIFT_STANDARD_LIBRARIES = YES;
				BUNDLE_LOADER = "$(TEST_HOST)";
				CODE_SIGN_STYLE = Automatic;
				INFOPLIST_FILE = PreworkTests/Info.plist;
				LD_RUNPATH_SEARCH_PATHS = (
					"$(inherited)",
					"@executable_path/Frameworks",
					"@loader_path/Frameworks",
				);
				PRODUCT_BUNDLE_IDENTIFIER = Johana.PreworkTests;
				PRODUCT_NAME = "$(TARGET_NAME)";
				SWIFT_VERSION = 4.2;
				TARGETED_DEVICE_FAMILY = "1,2";
				TEST_HOST = "$(BUILT_PRODUCTS_DIR)/Prework.app/Prework";
			};
			name = Release;
		};
		040FFD4D28B265EA0081496A /* Debug */ = {
			isa = XCBuildConfiguration;
			buildSettings = {
				ALWAYS_EMBED_SWIFT_STANDARD_LIBRARIES = YES;
				CODE_SIGN_STYLE = Automatic;
				INFOPLIST_FILE = PreworkUITests/Info.plist;
				LD_RUNPATH_SEARCH_PATHS = (
					"$(inherited)",
					"@executable_path/Frameworks",
					"@loader_path/Frameworks",
				);
				PRODUCT_BUNDLE_IDENTIFIER = Johana.PreworkUITests;
				PRODUCT_NAME = "$(TARGET_NAME)";
				SWIFT_VERSION = 4.2;
				TARGETED_DEVICE_FAMILY = "1,2";
				TEST_TARGET_NAME = Prework;
			};
			name = Debug;
		};
		040FFD4E28B265EA0081496A /* Release */ = {
			isa = XCBuildConfiguration;
			buildSettings = {
				ALWAYS_EMBED_SWIFT_STANDARD_LIBRARIES = YES;
				CODE_SIGN_STYLE = Automatic;
				INFOPLIST_FILE = PreworkUITests/Info.plist;
				LD_RUNPATH_SEARCH_PATHS = (
					"$(inherited)",
					"@executable_path/Frameworks",
					"@loader_path/Frameworks",
				);
				PRODUCT_BUNDLE_IDENTIFIER = Johana.PreworkUITests;
				PRODUCT_NAME = "$(TARGET_NAME)";
				SWIFT_VERSION = 4.2;
				TARGETED_DEVICE_FAMILY = "1,2";
				TEST_TARGET_NAME = Prework;
			};
			name = Release;
		};
/* End XCBuildConfiguration section */

/* Begin XCConfigurationList section */
		040FFD1928B265E80081496A /* Build configuration list for PBXProject "Prework" */ = {
			isa = XCConfigurationList;
			buildConfigurations = (
				040FFD4428B265EA0081496A /* Debug */,
				040FFD4528B265EA0081496A /* Release */,
			);
			defaultConfigurationIsVisible = 0;
			defaultConfigurationName = Release;
		};
		040FFD4628B265EA0081496A /* Build configuration list for PBXNativeTarget "Prework" */ = {
			isa = XCConfigurationList;
			buildConfigurations = (
				040FFD4728B265EA0081496A /* Debug */,
				040FFD4828B265EA0081496A /* Release */,
			);
			defaultConfigurationIsVisible = 0;
			defaultConfigurationName = Release;
		};
		040FFD4928B265EA0081496A /* Build configuration list for PBXNativeTarget "PreworkTests" */ = {
			isa = XCConfigurationList;
			buildConfigurations = (
				040FFD4A28B265EA0081496A /* Debug */,
				040FFD4B28B265EA0081496A /* Release */,
			);
			defaultConfigurationIsVisible = 0;
			defaultConfigurationName = Release;
		};
		040FFD4C28B265EA0081496A /* Build configuration list for PBXNativeTarget "PreworkUITests" */ = {
			isa = XCConfigurationList;
			buildConfigurations = (
				040FFD4D28B265EA0081496A /* Debug */,
				040FFD4E28B265EA0081496A /* Release */,
			);
			defaultConfigurationIsVisible = 0;
			defaultConfigurationName = Release;
		};
/* End XCConfigurationList section */
	};
	rootObject = 040FFD1628B265E80081496A /* Project object */;
}
